
Microsoft Visual Studio Solution File, Format Version 12.00
# Visual Studio Version 16
VisualStudioVersion = 16.0.31019.35
MinimumVisualStudioVersion = 10.0.40219.1
Project("{FAE04EC0-301F-11D3-BF4B-00C04F79EFBC}") = "GoodieAppiumClient", "GoodieAppiumClient\GoodieAppiumClient.csproj", "{31A27C59-46EE-410F-A82E-3CA9EE9C9E31}"
EndProject
Global
	GlobalSection(SolutionConfigurationPlatforms) = preSolution
		Debug|Any CPU = Debug|Any CPU
		Release|Any CPU = Release|Any CPU
	EndGlobalSection
	GlobalSection(ProjectConfigurationPlatforms) = postSolution
		{31A27C59-46EE-410F-A82E-3CA9EE9C9E31}.Debug|Any CPU.ActiveCfg = Debug|Any CPU
		{31A27C59-46EE-410F-A82E-3CA9EE9C9E31}.Debug|Any CPU.Build.0 = Debug|Any CPU
		{31A27C59-46EE-410F-A82E-3CA9EE9C9E31}.Release|Any CPU.ActiveCfg = Release|Any CPU
		{31A27C59-46EE-410F-A82E-3CA9EE9C9E31}.Release|Any CPU.Build.0 = Release|Any CPU
	EndGlobalSection
	GlobalSection(SolutionProperties) = preSolution
		HideSolutionNode = FALSE
	EndGlobalSection
	GlobalSection(ExtensibilityGlobals) = postSolution
		SolutionGuid = {EAA7FA13-B8D7-45A3-8E5C-A76AB7B97DA5}
	EndGlobalSection
EndGlobal
